
Microsoft Visual Studio Solution File, Format Version 12.00
# Visual Studio Version 16
VisualStudioVersion = 16.0.30114.105
MinimumVisualStudioVersion = 10.0.40219.1
Project("{9A19103F-16F7-4668-BE54-9A1E7A4F7556}") = "EmailRequestsRouter", "src\EmailRequestsRouter\EmailRequestsRouter.csproj", "{56CBBFF3-4A1F-46BC-878A-C73C7F88C41B}"
EndProject
Project("{2150E333-8FDC-42A3-9474-1A3956D46DE8}") = "Solution Items", "Solution Items", "{0CD6D231-1A0D-40C2-9B35-B4B5F2CA59A6}"
	ProjectSection(SolutionItems) = preProject
		README.md = README.md
	EndProjectSection
EndProject
Project("{E53339B2-1760-4266-BCC7-CA923CBCF16C}") = "docker-compose", "docker-compose.dcproj", "{C7BB5A15-EBE7-44C0-B9A2-3F10ADA6BDD0}"
EndProject
Project("{9A19103F-16F7-4668-BE54-9A1E7A4F7556}") = "EmailRequestsRouter.Tests", "src\EmailRequestsRouter.Tests\EmailRequestsRouter.Tests.csproj", "{05630E13-F73E-47F1-B72A-57F250B7321A}"
EndProject
Global
	GlobalSection(SolutionConfigurationPlatforms) = preSolution
		Debug|Any CPU = Debug|Any CPU
		Debug|x64 = Debug|x64
		Debug|x86 = Debug|x86
		Release|Any CPU = Release|Any CPU
		Release|x64 = Release|x64
		Release|x86 = Release|x86
	EndGlobalSection
	GlobalSection(ProjectConfigurationPlatforms) = postSolution
		{56CBBFF3-4A1F-46BC-878A-C73C7F88C41B}.Debug|Any CPU.ActiveCfg = Debug|Any CPU
		{56CBBFF3-4A1F-46BC-878A-C73C7F88C41B}.Debug|Any CPU.Build.0 = Debug|Any CPU
		{56CBBFF3-4A1F-46BC-878A-C73C7F88C41B}.Debug|x64.ActiveCfg = Debug|Any CPU
		{56CBBFF3-4A1F-46BC-878A-C73C7F88C41B}.Debug|x64.Build.0 = Debug|Any CPU
		{56CBBFF3-4A1F-46BC-878A-C73C7F88C41B}.Debug|x86.ActiveCfg = Debug|Any CPU
		{56CBBFF3-4A1F-46BC-878A-C73C7F88C41B}.Debug|x86.Build.0 = Debug|Any CPU
		{56CBBFF3-4A1F-46BC-878A-C73C7F88C41B}.Release|Any CPU.ActiveCfg = Release|Any CPU
		{56CBBFF3-4A1F-46BC-878A-C73C7F88C41B}.Release|Any CPU.Build.0 = Release|Any CPU
		{56CBBFF3-4A1F-46BC-878A-C73C7F88C41B}.Release|x64.ActiveCfg = Release|Any CPU
		{56CBBFF3-4A1F-46BC-878A-C73C7F88C41B}.Release|x64.Build.0 = Release|Any CPU
		{56CBBFF3-4A1F-46BC-878A-C73C7F88C41B}.Release|x86.ActiveCfg = Release|Any CPU
		{56CBBFF3-4A1F-46BC-878A-C73C7F88C41B}.Release|x86.Build.0 = Release|Any CPU
		{C7BB5A15-EBE7-44C0-B9A2-3F10ADA6BDD0}.Debug|Any CPU.ActiveCfg = Debug|Any CPU
		{C7BB5A15-EBE7-44C0-B9A2-3F10ADA6BDD0}.Debug|Any CPU.Build.0 = Debug|Any CPU
		{C7BB5A15-EBE7-44C0-B9A2-3F10ADA6BDD0}.Debug|x64.ActiveCfg = Debug|Any CPU
		{C7BB5A15-EBE7-44C0-B9A2-3F10ADA6BDD0}.Debug|x64.Build.0 = Debug|Any CPU
		{C7BB5A15-EBE7-44C0-B9A2-3F10ADA6BDD0}.Debug|x86.ActiveCfg = Debug|Any CPU
		{C7BB5A15-EBE7-44C0-B9A2-3F10ADA6BDD0}.Debug|x86.Build.0 = Debug|Any CPU
		{C7BB5A15-EBE7-44C0-B9A2-3F10ADA6BDD0}.Release|Any CPU.ActiveCfg = Release|Any CPU
		{C7BB5A15-EBE7-44C0-B9A2-3F10ADA6BDD0}.Release|Any CPU.Build.0 = Release|Any CPU
		{C7BB5A15-EBE7-44C0-B9A2-3F10ADA6BDD0}.Release|x64.ActiveCfg = Release|Any CPU
		{C7BB5A15-EBE7-44C0-B9A2-3F10ADA6BDD0}.Release|x64.Build.0 = Release|Any CPU
		{C7BB5A15-EBE7-44C0-B9A2-3F10ADA6BDD0}.Release|x86.ActiveCfg = Release|Any CPU
		{C7BB5A15-EBE7-44C0-B9A2-3F10ADA6BDD0}.Release|x86.Build.0 = Release|Any CPU
		{05630E13-F73E-47F1-B72A-57F250B7321A}.Debug|Any CPU.ActiveCfg = Debug|Any CPU
		{05630E13-F73E-47F1-B72A-57F250B7321A}.Debug|Any CPU.Build.0 = Debug|Any CPU
		{05630E13-F73E-47F1-B72A-57F250B7321A}.Debug|x64.ActiveCfg = Debug|Any CPU
		{05630E13-F73E-47F1-B72A-57F250B7321A}.Debug|x64.Build.0 = Debug|Any CPU
		{05630E13-F73E-47F1-B72A-57F250B7321A}.Debug|x86.ActiveCfg = Debug|Any CPU
		{05630E13-F73E-47F1-B72A-57F250B7321A}.Debug|x86.Build.0 = Debug|Any CPU
		{05630E13-F73E-47F1-B72A-57F250B7321A}.Release|Any CPU.ActiveCfg = Release|Any CPU
		{05630E13-F73E-47F1-B72A-57F250B7321A}.Release|Any CPU.Build.0 = Release|Any CPU
		{05630E13-F73E-47F1-B72A-57F250B7321A}.Release|x64.ActiveCfg = Release|Any CPU
		{05630E13-F73E-47F1-B72A-57F250B7321A}.Release|x64.Build.0 = Release|Any CPU
		{05630E13-F73E-47F1-B72A-57F250B7321A}.Release|x86.ActiveCfg = Release|Any CPU
		{05630E13-F73E-47F1-B72A-57F250B7321A}.Release|x86.Build.0 = Release|Any CPU
	EndGlobalSection
	GlobalSection(SolutionProperties) = preSolution
		HideSolutionNode = FALSE
	EndGlobalSection
	GlobalSection(ExtensibilityGlobals) = postSolution
		SolutionGuid = {9807778B-49D4-4889-BD5E-991698E28884}
	EndGlobalSection
EndGlobal
